
Microsoft Visual Studio Solution File, Format Version 12.00
# Visual Studio 15
VisualStudioVersion = 15.0.28307.168
MinimumVisualStudioVersion = 10.0.40219.1
Project("{9A19103F-16F7-4668-BE54-9A1E7A4F7556}") = "GC.Plugin.IdentityProvider.Facebook", "GC.Plugin.IdentityProvider.Facebook\GC.Plugin.IdentityProvider.Facebook.csproj", "{8C8AE789-C88B-48F2-B1AB-533AB4C69AD2}"
EndProject
Project("{FAE04EC0-301F-11D3-BF4B-00C04F79EFBC}") = "GC.Plugin.IdentityProvider.WsFederation", "GC.Plugin.IdentityProvider.WsFederation\GC.Plugin.IdentityProvider.WsFederation.csproj", "{DD30B0A3-1E5A-4ABD-8BDC-C0397EFB7A64}"
EndProject
Global
	GlobalSection(SolutionConfigurationPlatforms) = preSolution
		Debug|Any CPU = Debug|Any CPU
		Release|Any CPU = Release|Any CPU
	EndGlobalSection
	GlobalSection(ProjectConfigurationPlatforms) = postSolution
		{8C8AE789-C88B-48F2-B1AB-533AB4C69AD2}.Debug|Any CPU.ActiveCfg = Debug|Any CPU
		{8C8AE789-C88B-48F2-B1AB-533AB4C69AD2}.Debug|Any CPU.Build.0 = Debug|Any CPU
		{8C8AE789-C88B-48F2-B1AB-533AB4C69AD2}.Release|Any CPU.ActiveCfg = Release|Any CPU
		{8C8AE789-C88B-48F2-B1AB-533AB4C69AD2}.Release|Any CPU.Build.0 = Release|Any CPU
		{DD30B0A3-1E5A-4ABD-8BDC-C0397EFB7A64}.Debug|Any CPU.ActiveCfg = Debug|Any CPU
		{DD30B0A3-1E5A-4ABD-8BDC-C0397EFB7A64}.Debug|Any CPU.Build.0 = Debug|Any CPU
		{DD30B0A3-1E5A-4ABD-8BDC-C0397EFB7A64}.Release|Any CPU.ActiveCfg = Release|Any CPU
		{DD30B0A3-1E5A-4ABD-8BDC-C0397EFB7A64}.Release|Any CPU.Build.0 = Release|Any CPU
	EndGlobalSection
	GlobalSection(SolutionProperties) = preSolution
		HideSolutionNode = FALSE
	EndGlobalSection
	GlobalSection(ExtensibilityGlobals) = postSolution
		SolutionGuid = {88B18E3F-790E-489B-B8EA-F229F02CEFAC}
	EndGlobalSection
EndGlobal
