
Microsoft Visual Studio Solution File, Format Version 12.00
# Visual Studio 15
VisualStudioVersion = 15.0.28307.168
MinimumVisualStudioVersion = 10.0.40219.1
Project("{FAE04EC0-301F-11D3-BF4B-00C04F79EFBC}") = "Sitecore.Plugin.IdentityProvider.Facebook", "Sitecore.Plugin.IdentityProvider.Facebook\Sitecore.Plugin.IdentityProvider.Facebook.csproj", "{C09760D4-87DF-4432-8CBF-D521A1D93065}"
EndProject
Global
	GlobalSection(SolutionConfigurationPlatforms) = preSolution
		Debug|Any CPU = Debug|Any CPU
		Release|Any CPU = Release|Any CPU
	EndGlobalSection
	GlobalSection(ProjectConfigurationPlatforms) = postSolution
		{C09760D4-87DF-4432-8CBF-D521A1D93065}.Debug|Any CPU.ActiveCfg = Debug|Any CPU
		{C09760D4-87DF-4432-8CBF-D521A1D93065}.Debug|Any CPU.Build.0 = Debug|Any CPU
		{C09760D4-87DF-4432-8CBF-D521A1D93065}.Release|Any CPU.ActiveCfg = Release|Any CPU
		{C09760D4-87DF-4432-8CBF-D521A1D93065}.Release|Any CPU.Build.0 = Release|Any CPU
	EndGlobalSection
	GlobalSection(SolutionProperties) = preSolution
		HideSolutionNode = FALSE
	EndGlobalSection
	GlobalSection(ExtensibilityGlobals) = postSolution
		SolutionGuid = {88B18E3F-790E-489B-B8EA-F229F02CEFAC}
	EndGlobalSection
EndGlobal
